
Microsoft Visual Studio Solution File, Format Version 12.00
# Visual Studio Version 17
VisualStudioVersion = 17.7.34202.233
MinimumVisualStudioVersion = 10.0.40219.1
Project("{FAE04EC0-301F-11D3-BF4B-00C04F79EFBC}") = "do-while ile 10 KADAR yazdırmak-1550", "do-while ile 10 KADAR yazdırmak-1550\do-while ile 10 KADAR yazdırmak-1550.csproj", "{2401268B-332D-433E-BAD2-C1AEA18DC1EC}"
EndProject
Global
	GlobalSection(SolutionConfigurationPlatforms) = preSolution
		Debug|Any CPU = Debug|Any CPU
		Release|Any CPU = Release|Any CPU
	EndGlobalSection
	GlobalSection(ProjectConfigurationPlatforms) = postSolution
		{2401268B-332D-433E-BAD2-C1AEA18DC1EC}.Debug|Any CPU.ActiveCfg = Debug|Any CPU
		{2401268B-332D-433E-BAD2-C1AEA18DC1EC}.Debug|Any CPU.Build.0 = Debug|Any CPU
		{2401268B-332D-433E-BAD2-C1AEA18DC1EC}.Release|Any CPU.ActiveCfg = Release|Any CPU
		{2401268B-332D-433E-BAD2-C1AEA18DC1EC}.Release|Any CPU.Build.0 = Release|Any CPU
	EndGlobalSection
	GlobalSection(SolutionProperties) = preSolution
		HideSolutionNode = FALSE
	EndGlobalSection
	GlobalSection(ExtensibilityGlobals) = postSolution
		SolutionGuid = {5E7D20B6-DDB3-468C-B649-338AF05660DD}
	EndGlobalSection
EndGlobal
